{
  "version": 4,
  "terraform_version": "1.14.5",
  "serial": 25,
  "lineage": "2f017052-1e72-366a-0772-8876832ef561",
  "outputs": {
    "server_ipv4": {
      "value": "89.167.95.134",
      "type": "string"
    },
    "server_ipv6": {
      "value": "2a01:4f9:c014:b4f5::1",
      "type": "string"
    },
    "ssh_user": {
      "value": "app",
      "type": "string"
    }
  },
  "resources": [
    {
      "mode": "data",
      "type": "hcloud_server",
      "name": "existing",
      "provider": "provider[\"registry.terraform.io/hetznercloud/hcloud\"]",
      "instances": [
        {
          "schema_version": 0,
          "attributes": {
            "backup_window": "",
            "backups": false,
            "datacenter": "hel1-dc2",
            "delete_protection": false,
            "firewall_ids": [],
            "id": 121591521,
            "image": "ubuntu-24.04",
            "ipv4_address": "89.167.95.134",
            "ipv6_address": "2a01:4f9:c014:b4f5::1",
            "ipv6_network": "2a01:4f9:c014:b4f5::/64",
            "iso": null,
            "labels": {},
            "location": "hel1",
            "name": "ubuntu-8gb-hel1-2",
            "network": [],
            "placement_group_id": 0,
            "primary_disk_size": 80,
            "rebuild_protection": false,
            "rescue": null,
            "selector": null,
            "server_type": "cx33",
            "status": "running",
            "with_selector": null,
            "with_status": null
          },
          "sensitive_attributes": [],
          "identity_schema_version": 0
        }
      ]
    },
    {
      "mode": "managed",
      "type": "hcloud_firewall",
      "name": "prod",
      "provider": "provider[\"registry.terraform.io/hetznercloud/hcloud\"]",
      "instances": [
        {
          "schema_version": 0,
          "attributes": {
            "apply_to": [
              {
                "label_selector": "",
                "server": 121591521
              }
            ],
            "id": "10571829",
            "labels": {
              "app": "balmaya",
              "environment": "production",
              "managed_by": "terraform"
            },
            "name": "ubuntu-8gb-hel1-2-fw",
            "rule": [
              {
                "description": "",
                "destination_ips": [
                  "0.0.0.0/0",
                  "::/0"
                ],
                "direction": "out",
                "port": "1-65535",
                "protocol": "tcp",
                "source_ips": []
              },
              {
                "description": "",
                "destination_ips": [
                  "0.0.0.0/0",
                  "::/0"
                ],
                "direction": "out",
                "port": "1-65535",
                "protocol": "udp",
                "source_ips": []
              },
              {
                "description": "",
                "destination_ips": [],
                "direction": "in",
                "port": "22",
                "protocol": "tcp",
                "source_ips": [
                  "0.0.0.0/0",
                  "::/0"
                ]
              },
              {
                "description": "",
                "destination_ips": [],
                "direction": "in",
                "port": "443",
                "protocol": "tcp",
                "source_ips": [
                  "0.0.0.0/0",
                  "::/0"
                ]
              },
              {
                "description": "",
                "destination_ips": [],
                "direction": "in",
                "port": "80",
                "protocol": "tcp",
                "source_ips": [
                  "0.0.0.0/0",
                  "::/0"
                ]
              }
            ]
          },
          "sensitive_attributes": [],
          "identity_schema_version": 0,
          "private": "bnVsbA==",
          "dependencies": [
            "data.hcloud_server.existing"
          ]
        }
      ]
    },
    {
      "mode": "managed",
      "type": "hcloud_volume",
      "name": "data",
      "provider": "provider[\"registry.terraform.io/hetznercloud/hcloud\"]",
      "instances": [
        {
          "index_key": 0,
          "schema_version": 0,
          "attributes": {
            "automount": null,
            "delete_protection": false,
            "format": "ext4",
            "id": "104746359",
            "labels": {
              "app": "balmaya",
              "environment": "production",
              "managed_by": "terraform"
            },
            "linux_device": "/dev/disk/by-id/scsi-0HC_Volume_104746359",
            "location": "hel1",
            "name": "ubuntu-8gb-hel1-2-data",
            "server_id": 121591521,
            "size": 40
          },
          "sensitive_attributes": [],
          "identity_schema_version": 0,
          "private": "bnVsbA=="
        }
      ]
    },
    {
      "mode": "managed",
      "type": "hcloud_volume_attachment",
      "name": "data",
      "provider": "provider[\"registry.terraform.io/hetznercloud/hcloud\"]",
      "instances": [
        {
          "index_key": 0,
          "schema_version": 0,
          "attributes": {
            "automount": true,
            "id": "104746359",
            "server_id": 121591521,
            "volume_id": 104746359
          },
          "sensitive_attributes": [],
          "identity_schema_version": 0,
          "private": "bnVsbA==",
          "dependencies": [
            "data.hcloud_server.existing",
            "hcloud_volume.data"
          ]
        }
      ]
    }
  ],
  "check_results": null
}
